
Microsoft Visual Studio Solution File, Format Version 12.00
# Visual Studio 15
VisualStudioVersion = 15.0.28307.329
MinimumVisualStudioVersion = 10.0.40219.1
Project("{FAE04EC0-301F-11D3-BF4B-00C04F79EFBC}") = "Minesweeper", "Minesweeper\Minesweeper.csproj", "{9D81DE8A-A3A8-428E-A1F5-1D09505DC109}"
EndProject
Global
	GlobalSection(SolutionConfigurationPlatforms) = preSolution
		Debug|Any CPU = Debug|Any CPU
		Release|Any CPU = Release|Any CPU
	EndGlobalSection
	GlobalSection(ProjectConfigurationPlatforms) = postSolution
		{9D81DE8A-A3A8-428E-A1F5-1D09505DC109}.Debug|Any CPU.ActiveCfg = Debug|Any CPU
		{9D81DE8A-A3A8-428E-A1F5-1D09505DC109}.Debug|Any CPU.Build.0 = Debug|Any CPU
		{9D81DE8A-A3A8-428E-A1F5-1D09505DC109}.Release|Any CPU.ActiveCfg = Release|Any CPU
		{9D81DE8A-A3A8-428E-A1F5-1D09505DC109}.Release|Any CPU.Build.0 = Release|Any CPU
	EndGlobalSection
	GlobalSection(SolutionProperties) = preSolution
		HideSolutionNode = FALSE
	EndGlobalSection
	GlobalSection(ExtensibilityGlobals) = postSolution
		SolutionGuid = {9421BCAC-DF3B-4067-A73B-7FFD8CC63BAE}
	EndGlobalSection
EndGlobal
